
Microsoft Visual Studio Solution File, Format Version 12.00
# Visual Studio Version 17
VisualStudioVersion = 17.11.35303.130
MinimumVisualStudioVersion = 10.0.40219.1
Project("{FAE04EC0-301F-11D3-BF4B-00C04F79EFBC}") = "Lab04", "Lab04\Lab04.csproj", "{04B658D6-C43F-425B-92FC-E6078F94E450}"
EndProject
Global
	GlobalSection(SolutionConfigurationPlatforms) = preSolution
		Debug|Any CPU = Debug|Any CPU
		Release|Any CPU = Release|Any CPU
	EndGlobalSection
	GlobalSection(ProjectConfigurationPlatforms) = postSolution
		{04B658D6-C43F-425B-92FC-E6078F94E450}.Debug|Any CPU.ActiveCfg = Debug|Any CPU
		{04B658D6-C43F-425B-92FC-E6078F94E450}.Debug|Any CPU.Build.0 = Debug|Any CPU
		{04B658D6-C43F-425B-92FC-E6078F94E450}.Release|Any CPU.ActiveCfg = Release|Any CPU
		{04B658D6-C43F-425B-92FC-E6078F94E450}.Release|Any CPU.Build.0 = Release|Any CPU
	EndGlobalSection
	GlobalSection(SolutionProperties) = preSolution
		HideSolutionNode = FALSE
	EndGlobalSection
	GlobalSection(ExtensibilityGlobals) = postSolution
		SolutionGuid = {3A01F657-2230-416A-B9BC-287C726CDAB6}
	EndGlobalSection
EndGlobal
